
Microsoft Visual Studio Solution File, Format Version 12.00
# Visual Studio Version 16
VisualStudioVersion = 16.0.31624.102
MinimumVisualStudioVersion = 10.0.40219.1
Project("{FAE04EC0-301F-11D3-BF4B-00C04F79EFBC}") = "CompanyX.Promotions", "CompanyX.Promotions\CompanyX.Promotions.csproj", "{4E34FF85-CEAF-4DE0-964B-5E2423EAD1D1}"
EndProject
Global
	GlobalSection(SolutionConfigurationPlatforms) = preSolution
		Debug|Any CPU = Debug|Any CPU
		Release|Any CPU = Release|Any CPU
	EndGlobalSection
	GlobalSection(ProjectConfigurationPlatforms) = postSolution
		{4E34FF85-CEAF-4DE0-964B-5E2423EAD1D1}.Debug|Any CPU.ActiveCfg = Debug|Any CPU
		{4E34FF85-CEAF-4DE0-964B-5E2423EAD1D1}.Debug|Any CPU.Build.0 = Debug|Any CPU
		{4E34FF85-CEAF-4DE0-964B-5E2423EAD1D1}.Release|Any CPU.ActiveCfg = Release|Any CPU
		{4E34FF85-CEAF-4DE0-964B-5E2423EAD1D1}.Release|Any CPU.Build.0 = Release|Any CPU
	EndGlobalSection
	GlobalSection(SolutionProperties) = preSolution
		HideSolutionNode = FALSE
	EndGlobalSection
	GlobalSection(ExtensibilityGlobals) = postSolution
		SolutionGuid = {0E712B9A-C63D-4B8C-BE5E-8E30C9F7E135}
	EndGlobalSection
EndGlobal
