
Microsoft Visual Studio Solution File, Format Version 12.00
# Visual Studio Version 16
VisualStudioVersion = 16.0.31624.102
MinimumVisualStudioVersion = 10.0.40219.1
Project("{9A19103F-16F7-4668-BE54-9A1E7A4F7556}") = "Promotions.Tests", "Promotions.Tests\Promotions.Tests.csproj", "{98C3D314-87C6-414F-8419-88A2F60E7097}"
EndProject
Project("{9A19103F-16F7-4668-BE54-9A1E7A4F7556}") = "Promotions", "Promotions\Promotions.csproj", "{9CE4998E-E564-45C8-A465-7939FC5598E5}"
EndProject
Global
	GlobalSection(SolutionConfigurationPlatforms) = preSolution
		Debug|Any CPU = Debug|Any CPU
		Release|Any CPU = Release|Any CPU
	EndGlobalSection
	GlobalSection(ProjectConfigurationPlatforms) = postSolution
		{98C3D314-87C6-414F-8419-88A2F60E7097}.Debug|Any CPU.ActiveCfg = Debug|Any CPU
		{98C3D314-87C6-414F-8419-88A2F60E7097}.Debug|Any CPU.Build.0 = Debug|Any CPU
		{98C3D314-87C6-414F-8419-88A2F60E7097}.Release|Any CPU.ActiveCfg = Release|Any CPU
		{98C3D314-87C6-414F-8419-88A2F60E7097}.Release|Any CPU.Build.0 = Release|Any CPU
		{9CE4998E-E564-45C8-A465-7939FC5598E5}.Debug|Any CPU.ActiveCfg = Debug|Any CPU
		{9CE4998E-E564-45C8-A465-7939FC5598E5}.Debug|Any CPU.Build.0 = Debug|Any CPU
		{9CE4998E-E564-45C8-A465-7939FC5598E5}.Release|Any CPU.ActiveCfg = Release|Any CPU
		{9CE4998E-E564-45C8-A465-7939FC5598E5}.Release|Any CPU.Build.0 = Release|Any CPU
	EndGlobalSection
	GlobalSection(SolutionProperties) = preSolution
		HideSolutionNode = FALSE
	EndGlobalSection
	GlobalSection(ExtensibilityGlobals) = postSolution
		SolutionGuid = {0E712B9A-C63D-4B8C-BE5E-8E30C9F7E135}
	EndGlobalSection
EndGlobal
